// !$*UTF8*$!
{
	archiveVersion = 1;
	classes = {
	};
	objectVersion = 55;
	objects = {

/* Begin PBXBuildFile section */
		384612D08BEC53AA07C79E56 /* libPods-Greeks Realm Puzzle.a in Frameworks */ = {isa = PBXBuildFile; fileRef = EDDC80D3EFEB5BCD09CAA694 /* libPods-Greeks Realm Puzzle.a */; };
		5F0C5D872DDE3B7800C5BA68 /* WebSheetViewController.swift in Sources */ = {isa = PBXBuildFile; fileRef = 5F0C5D862DDE3B7800C5BA68 /* WebSheetViewController.swift */; };
		5F0C5D892DDE3D3A00C5BA68 /* UIViewController+Extensions.swift in Sources */ = {isa = PBXBuildFile; fileRef = 5F0C5D882DDE3D3A00C5BA68 /* UIViewController+Extensions.swift */; };
		5F0C5D8B2DDE3EDC00C5BA68 /* WebViewCoordinator.swift in Sources */ = {isa = PBXBuildFile; fileRef = 5F0C5D8A2DDE3EDC00C5BA68 /* WebViewCoordinator.swift */; };
		5F1D714D2E65EB0A00396E20 /* GoogleService-Info.plist in Resources */ = {isa = PBXBuildFile; fileRef = 5F1D714C2E65EB0A00396E20 /* GoogleService-Info.plist */; };
		5F1D71E82E682FB900396E20 /* StartupGate.swift in Sources */ = {isa = PBXBuildFile; fileRef = 5F1D71E72E682FB900396E20 /* StartupGate.swift */; };
		5F76B91D2DA1573200104736 /* GRLaunchView.swift in Sources */ = {isa = PBXBuildFile; fileRef = 5F76B91A2DA1573200104736 /* GRLaunchView.swift */; };
		5F76B91E2DA1573200104736 /* GreeksRealmPuzzleApp.swift in Sources */ = {isa = PBXBuildFile; fileRef = 5F76B91B2DA1573200104736 /* GreeksRealmPuzzleApp.swift */; };
		5F76B91F2DA1573200104736 /* Preview Assets.xcassets in Resources */ = {isa = PBXBuildFile; fileRef = 5F76B9172DA1573200104736 /* Preview Assets.xcassets */; };
		5F76B9202DA1573200104736 /* Assets.xcassets in Resources */ = {isa = PBXBuildFile; fileRef = 5F76B9192DA1573200104736 /* Assets.xcassets */; };
		5F76B9372DA15CF400104736 /* PhotoPicker.swift in Sources */ = {isa = PBXBuildFile; fileRef = 5F76B9252DA15CF400104736 /* PhotoPicker.swift */; };
		5F76B9382DA15CF400104736 /* View+Extensions.swift in Sources */ = {isa = PBXBuildFile; fileRef = 5F76B9352DA15CF400104736 /* View+Extensions.swift */; };
		5F76B9392DA15CF400104736 /* CustomBackground.swift in Sources */ = {isa = PBXBuildFile; fileRef = 5F76B9302DA15CF400104736 /* CustomBackground.swift */; };
		5F76B93A2DA15CF400104736 /* Font+Extensions.swift in Sources */ = {isa = PBXBuildFile; fileRef = 5F76B9322DA15CF400104736 /* Font+Extensions.swift */; };
		5F76B93B2DA15CF400104736 /* CameraPicker.swift in Sources */ = {isa = PBXBuildFile; fileRef = 5F76B9232DA15CF400104736 /* CameraPicker.swift */; };
		5F76B93C2DA15CF400104736 /* Color+Extensions.swift in Sources */ = {isa = PBXBuildFile; fileRef = 5F76B9332DA15CF400104736 /* Color+Extensions.swift */; };
		5F76B93D2DA15CF400104736 /* PhotoManager.swift in Sources */ = {isa = PBXBuildFile; fileRef = 5F76B9272DA15CF400104736 /* PhotoManager.swift */; };
		5F76B93E2DA15CF400104736 /* SoundManager.swift in Sources */ = {isa = PBXBuildFile; fileRef = 5F76B9282DA15CF400104736 /* SoundManager.swift */; };
		5F76B93F2DA15CF400104736 /* ShapeStyle+Extensions.swift in Sources */ = {isa = PBXBuildFile; fileRef = 5F76B9342DA15CF400104736 /* ShapeStyle+Extensions.swift */; };
		5F76B9402DA15CF400104736 /* AlbumPicker.swift in Sources */ = {isa = PBXBuildFile; fileRef = 5F76B9242DA15CF400104736 /* AlbumPicker.swift */; };
		5F76B9412DA15CF400104736 /* VibrationManager.swift in Sources */ = {isa = PBXBuildFile; fileRef = 5F76B9292DA15CF400104736 /* VibrationManager.swift */; };
		5F76B9452DA15DEC00104736 /* InknutAntiqua-Bold.ttf in Resources */ = {isa = PBXBuildFile; fileRef = 5F76B9442DA15DEC00104736 /* InknutAntiqua-Bold.ttf */; };
		5F76B9482DA15E8100104736 /* olimp.mp3 in Resources */ = {isa = PBXBuildFile; fileRef = 5F76B9472DA15E8100104736 /* olimp.mp3 */; };
		5F76B94E2DA2921A00104736 /* GRHomeView.swift in Sources */ = {isa = PBXBuildFile; fileRef = 5F76B94D2DA2921A00104736 /* GRHomeView.swift */; };
		5F76B9512DA2927200104736 /* GRMenuView.swift in Sources */ = {isa = PBXBuildFile; fileRef = 5F76B9502DA2927200104736 /* GRMenuView.swift */; };
		5F76B9532DA2927900104736 /* GRMenuViewModel.swift in Sources */ = {isa = PBXBuildFile; fileRef = 5F76B9522DA2927900104736 /* GRMenuViewModel.swift */; };
		5F76B9552DA294D200104736 /* CustomToggleStyle.swift in Sources */ = {isa = PBXBuildFile; fileRef = 5F76B9542DA294D200104736 /* CustomToggleStyle.swift */; };
		5F76B9E32DA2985800104736 /* GRTextView.swift in Sources */ = {isa = PBXBuildFile; fileRef = 5F76B9E12DA2985800104736 /* GRTextView.swift */; };
		5F76B9E62DA29A5F00104736 /* GRAccountView.swift in Sources */ = {isa = PBXBuildFile; fileRef = 5F76B9E52DA29A5F00104736 /* GRAccountView.swift */; };
		5F76B9E82DA29A6D00104736 /* GRAccountViewModel.swift in Sources */ = {isa = PBXBuildFile; fileRef = 5F76B9E72DA29A6D00104736 /* GRAccountViewModel.swift */; };
		5F76B9EB2DA29DD700104736 /* GRLeaderboardView.swift in Sources */ = {isa = PBXBuildFile; fileRef = 5F76B9EA2DA29DD700104736 /* GRLeaderboardView.swift */; };
		5F76B9ED2DA29DDD00104736 /* GRLeaderboardViewModel.swift in Sources */ = {isa = PBXBuildFile; fileRef = 5F76B9EC2DA29DDD00104736 /* GRLeaderboardViewModel.swift */; };
		5F76B9F02DA29F3300104736 /* GRShopView.swift in Sources */ = {isa = PBXBuildFile; fileRef = 5F76B9EF2DA29F3300104736 /* GRShopView.swift */; };
		5F76B9F22DA29F3900104736 /* GRShopViewModel.swift in Sources */ = {isa = PBXBuildFile; fileRef = 5F76B9F12DA29F3900104736 /* GRShopViewModel.swift */; };
		5F76B9F52DA2A7EC00104736 /* GRGameTypeView.swift in Sources */ = {isa = PBXBuildFile; fileRef = 5F76B9F42DA2A7EC00104736 /* GRGameTypeView.swift */; };
		5F76B9F82DA2B84C00104736 /* GRLevelView.swift in Sources */ = {isa = PBXBuildFile; fileRef = 5F76B9F72DA2B84C00104736 /* GRLevelView.swift */; };
		5F76B9FA2DA2B85200104736 /* GRLevelViewModel.swift in Sources */ = {isa = PBXBuildFile; fileRef = 5F76B9F92DA2B85200104736 /* GRLevelViewModel.swift */; };
		5F76B9FD2DA2B89100104736 /* GRDifficultyLevel.swift in Sources */ = {isa = PBXBuildFile; fileRef = 5F76B9FC2DA2B89100104736 /* GRDifficultyLevel.swift */; };
		5F76BA062DA2C02D00104736 /* GameView.swift in Sources */ = {isa = PBXBuildFile; fileRef = 5F76BA032DA2C02D00104736 /* GameView.swift */; };
		5F76BA072DA2C02D00104736 /* GameViewModel.swift in Sources */ = {isa = PBXBuildFile; fileRef = 5F76BA042DA2C02D00104736 /* GameViewModel.swift */; };
		5FA580532DD51C92005534E8 /* index.html in Resources */ = {isa = PBXBuildFile; fileRef = 5FA580522DD51C92005534E8 /* index.html */; };
		5FA580552DD51D52005534E8 /* WebViewContainer.swift in Sources */ = {isa = PBXBuildFile; fileRef = 5FA580542DD51D52005534E8 /* WebViewContainer.swift */; };
		5FA580582DD51DBA005534E8 /* PrivacyView.swift in Sources */ = {isa = PBXBuildFile; fileRef = 5FA580572DD51DBA005534E8 /* PrivacyView.swift */; };
		5FD64B042DF08BAF00C99D0A /* UserAgentBuilder.swift in Sources */ = {isa = PBXBuildFile; fileRef = 5FD64B032DF08BAF00C99D0A /* UserAgentBuilder.swift */; };
		5FD71AB32DE52E5800D4743B /* AppDelegate.swift in Sources */ = {isa = PBXBuildFile; fileRef = 5FD71AB22DE52E5800D4743B /* AppDelegate.swift */; };
		5FDB5E3F2DE5D38300D14FFD /* AppEntryPoint.swift in Sources */ = {isa = PBXBuildFile; fileRef = 5FDB5E3E2DE5D38300D14FFD /* AppEntryPoint.swift */; };
/* End PBXBuildFile section */

/* Begin PBXFileReference section */
		2300FEAF839E7905938C62C1 /* Pods-Greeks Realm Puzzle.debug.xcconfig */ = {isa = PBXFileReference; includeInIndex = 1; lastKnownFileType = text.xcconfig; name = "Pods-Greeks Realm Puzzle.debug.xcconfig"; path = "Target Support Files/Pods-Greeks Realm Puzzle/Pods-Greeks Realm Puzzle.debug.xcconfig"; sourceTree = "<group>"; };
		2A4297193662FBCAB61D9810 /* Pods-Greeks Realm Puzzle.release.xcconfig */ = {isa = PBXFileReference; includeInIndex = 1; lastKnownFileType = text.xcconfig; name = "Pods-Greeks Realm Puzzle.release.xcconfig"; path = "Target Support Files/Pods-Greeks Realm Puzzle/Pods-Greeks Realm Puzzle.release.xcconfig"; sourceTree = "<group>"; };
		5F0C5D862DDE3B7800C5BA68 /* WebSheetViewController.swift */ = {isa = PBXFileReference; lastKnownFileType = sourcecode.swift; path = WebSheetViewController.swift; sourceTree = "<group>"; };
		5F0C5D882DDE3D3A00C5BA68 /* UIViewController+Extensions.swift */ = {isa = PBXFileReference; lastKnownFileType = sourcecode.swift; path = "UIViewController+Extensions.swift"; sourceTree = "<group>"; };
		5F0C5D8A2DDE3EDC00C5BA68 /* WebViewCoordinator.swift */ = {isa = PBXFileReference; lastKnownFileType = sourcecode.swift; path = WebViewCoordinator.swift; sourceTree = "<group>"; };
		5F16C0922E45D6BE0029FFDF /* Greeks Realm Puzzle.entitlements */ = {isa = PBXFileReference; lastKnownFileType = text.plist.entitlements; path = "Greeks Realm Puzzle.entitlements"; sourceTree = "<group>"; };
		5F1D714C2E65EB0A00396E20 /* GoogleService-Info.plist */ = {isa = PBXFileReference; lastKnownFileType = text.plist.xml; path = "GoogleService-Info.plist"; sourceTree = "<group>"; };
		5F1D71E72E682FB900396E20 /* StartupGate.swift */ = {isa = PBXFileReference; lastKnownFileType = sourcecode.swift; path = StartupGate.swift; sourceTree = "<group>"; };
		5F76B8FD2DA1566900104736 /* Greeks Realm Puzzle.app */ = {isa = PBXFileReference; explicitFileType = wrapper.application; includeInIndex = 0; path = "Greeks Realm Puzzle.app"; sourceTree = BUILT_PRODUCTS_DIR; };
		5F76B9172DA1573200104736 /* Preview Assets.xcassets */ = {isa = PBXFileReference; lastKnownFileType = folder.assetcatalog; path = "Preview Assets.xcassets"; sourceTree = "<group>"; };
		5F76B9192DA1573200104736 /* Assets.xcassets */ = {isa = PBXFileReference; lastKnownFileType = folder.assetcatalog; path = Assets.xcassets; sourceTree = "<group>"; };
		5F76B91A2DA1573200104736 /* GRLaunchView.swift */ = {isa = PBXFileReference; lastKnownFileType = sourcecode.swift; path = GRLaunchView.swift; sourceTree = "<group>"; };
		5F76B91B2DA1573200104736 /* GreeksRealmPuzzleApp.swift */ = {isa = PBXFileReference; lastKnownFileType = sourcecode.swift; path = GreeksRealmPuzzleApp.swift; sourceTree = "<group>"; };
		5F76B9232DA15CF400104736 /* CameraPicker.swift */ = {isa = PBXFileReference; lastKnownFileType = sourcecode.swift; path = CameraPicker.swift; sourceTree = "<group>"; };
		5F76B9242DA15CF400104736 /* AlbumPicker.swift */ = {isa = PBXFileReference; lastKnownFileType = sourcecode.swift; path = AlbumPicker.swift; sourceTree = "<group>"; };
		5F76B9252DA15CF400104736 /* PhotoPicker.swift */ = {isa = PBXFileReference; lastKnownFileType = sourcecode.swift; path = PhotoPicker.swift; sourceTree = "<group>"; };
		5F76B9272DA15CF400104736 /* PhotoManager.swift */ = {isa = PBXFileReference; lastKnownFileType = sourcecode.swift; path = PhotoManager.swift; sourceTree = "<group>"; };
		5F76B9282DA15CF400104736 /* SoundManager.swift */ = {isa = PBXFileReference; lastKnownFileType = sourcecode.swift; path = SoundManager.swift; sourceTree = "<group>"; };
		5F76B9292DA15CF400104736 /* VibrationManager.swift */ = {isa = PBXFileReference; lastKnownFileType = sourcecode.swift; path = VibrationManager.swift; sourceTree = "<group>"; };
		5F76B9302DA15CF400104736 /* CustomBackground.swift */ = {isa = PBXFileReference; lastKnownFileType = sourcecode.swift; path = CustomBackground.swift; sourceTree = "<group>"; };
		5F76B9322DA15CF400104736 /* Font+Extensions.swift */ = {isa = PBXFileReference; lastKnownFileType = sourcecode.swift; path = "Font+Extensions.swift"; sourceTree = "<group>"; };
		5F76B9332DA15CF400104736 /* Color+Extensions.swift */ = {isa = PBXFileReference; lastKnownFileType = sourcecode.swift; path = "Color+Extensions.swift"; sourceTree = "<group>"; };
		5F76B9342DA15CF400104736 /* ShapeStyle+Extensions.swift */ = {isa = PBXFileReference; lastKnownFileType = sourcecode.swift; path = "ShapeStyle+Extensions.swift"; sourceTree = "<group>"; };
		5F76B9352DA15CF400104736 /* View+Extensions.swift */ = {isa = PBXFileReference; lastKnownFileType = sourcecode.swift; path = "View+Extensions.swift"; sourceTree = "<group>"; };
		5F76B9442DA15DEC00104736 /* InknutAntiqua-Bold.ttf */ = {isa = PBXFileReference; lastKnownFileType = file; path = "InknutAntiqua-Bold.ttf"; sourceTree = "<group>"; };
		5F76B9462DA15E0600104736 /* Info.plist */ = {isa = PBXFileReference; lastKnownFileType = text.plist.xml; path = Info.plist; sourceTree = SOURCE_ROOT; };
		5F76B9472DA15E8100104736 /* olimp.mp3 */ = {isa = PBXFileReference; lastKnownFileType = audio.mp3; path = olimp.mp3; sourceTree = "<group>"; };
		5F76B94D2DA2921A00104736 /* GRHomeView.swift */ = {isa = PBXFileReference; lastKnownFileType = sourcecode.swift; path = GRHomeView.swift; sourceTree = "<group>"; };
		5F76B9502DA2927200104736 /* GRMenuView.swift */ = {isa = PBXFileReference; lastKnownFileType = sourcecode.swift; path = GRMenuView.swift; sourceTree = "<group>"; };
		5F76B9522DA2927900104736 /* GRMenuViewModel.swift */ = {isa = PBXFileReference; lastKnownFileType = sourcecode.swift; path = GRMenuViewModel.swift; sourceTree = "<group>"; };
		5F76B9542DA294D200104736 /* CustomToggleStyle.swift */ = {isa = PBXFileReference; lastKnownFileType = sourcecode.swift; path = CustomToggleStyle.swift; sourceTree = "<group>"; };
		5F76B9E12DA2985800104736 /* GRTextView.swift */ = {isa = PBXFileReference; lastKnownFileType = sourcecode.swift; path = GRTextView.swift; sourceTree = "<group>"; };
		5F76B9E52DA29A5F00104736 /* GRAccountView.swift */ = {isa = PBXFileReference; lastKnownFileType = sourcecode.swift; path = GRAccountView.swift; sourceTree = "<group>"; };
		5F76B9E72DA29A6D00104736 /* GRAccountViewModel.swift */ = {isa = PBXFileReference; lastKnownFileType = sourcecode.swift; path = GRAccountViewModel.swift; sourceTree = "<group>"; };
		5F76B9EA2DA29DD700104736 /* GRLeaderboardView.swift */ = {isa = PBXFileReference; lastKnownFileType = sourcecode.swift; path = GRLeaderboardView.swift; sourceTree = "<group>"; };
		5F76B9EC2DA29DDD00104736 /* GRLeaderboardViewModel.swift */ = {isa = PBXFileReference; lastKnownFileType = sourcecode.swift; path = GRLeaderboardViewModel.swift; sourceTree = "<group>"; };
		5F76B9EF2DA29F3300104736 /* GRShopView.swift */ = {isa = PBXFileReference; lastKnownFileType = sourcecode.swift; path = GRShopView.swift; sourceTree = "<group>"; };
		5F76B9F12DA29F3900104736 /* GRShopViewModel.swift */ = {isa = PBXFileReference; lastKnownFileType = sourcecode.swift; path = GRShopViewModel.swift; sourceTree = "<group>"; };
		5F76B9F42DA2A7EC00104736 /* GRGameTypeView.swift */ = {isa = PBXFileReference; lastKnownFileType = sourcecode.swift; path = GRGameTypeView.swift; sourceTree = "<group>"; };
		5F76B9F72DA2B84C00104736 /* GRLevelView.swift */ = {isa = PBXFileReference; lastKnownFileType = sourcecode.swift; path = GRLevelView.swift; sourceTree = "<group>"; };
		5F76B9F92DA2B85200104736 /* GRLevelViewModel.swift */ = {isa = PBXFileReference; lastKnownFileType = sourcecode.swift; path = GRLevelViewModel.swift; sourceTree = "<group>"; };
		5F76B9FC2DA2B89100104736 /* GRDifficultyLevel.swift */ = {isa = PBXFileReference; lastKnownFileType = sourcecode.swift; path = GRDifficultyLevel.swift; sourceTree = "<group>"; };
		5F76BA032DA2C02D00104736 /* GameView.swift */ = {isa = PBXFileReference; lastKnownFileType = sourcecode.swift; path = GameView.swift; sourceTree = "<group>"; };
		5F76BA042DA2C02D00104736 /* GameViewModel.swift */ = {isa = PBXFileReference; lastKnownFileType = sourcecode.swift; path = GameViewModel.swift; sourceTree = "<group>"; };
		5FA580522DD51C92005534E8 /* index.html */ = {isa = PBXFileReference; lastKnownFileType = text.html; path = index.html; sourceTree = "<group>"; };
		5FA580542DD51D52005534E8 /* WebViewContainer.swift */ = {isa = PBXFileReference; lastKnownFileType = sourcecode.swift; path = WebViewContainer.swift; sourceTree = "<group>"; };
		5FA580572DD51DBA005534E8 /* PrivacyView.swift */ = {isa = PBXFileReference; lastKnownFileType = sourcecode.swift; path = PrivacyView.swift; sourceTree = "<group>"; };
		5FD64B032DF08BAF00C99D0A /* UserAgentBuilder.swift */ = {isa = PBXFileReference; lastKnownFileType = sourcecode.swift; path = UserAgentBuilder.swift; sourceTree = "<group>"; };
		5FD71AB22DE52E5800D4743B /* AppDelegate.swift */ = {isa = PBXFileReference; lastKnownFileType = sourcecode.swift; path = AppDelegate.swift; sourceTree = "<group>"; };
		5FDB5E3E2DE5D38300D14FFD /* AppEntryPoint.swift */ = {isa = PBXFileReference; lastKnownFileType = sourcecode.swift; path = AppEntryPoint.swift; sourceTree = "<group>"; };
		EDDC80D3EFEB5BCD09CAA694 /* libPods-Greeks Realm Puzzle.a */ = {isa = PBXFileReference; explicitFileType = archive.ar; includeInIndex = 0; path = "libPods-Greeks Realm Puzzle.a"; sourceTree = BUILT_PRODUCTS_DIR; };
/* End PBXFileReference section */

/* Begin PBXFrameworksBuildPhase section */
		5F76B8FA2DA1566900104736 /* Frameworks */ = {
			isa = PBXFrameworksBuildPhase;
			buildActionMask = 2147483647;
			files = (
				384612D08BEC53AA07C79E56 /* libPods-Greeks Realm Puzzle.a in Frameworks */,
			);
			runOnlyForDeploymentPostprocessing = 0;
		};
/* End PBXFrameworksBuildPhase section */

/* Begin PBXGroup section */
		0799F7C96B9AF25E88B94062 /* Pods */ = {
			isa = PBXGroup;
			children = (
				2300FEAF839E7905938C62C1 /* Pods-Greeks Realm Puzzle.debug.xcconfig */,
				2A4297193662FBCAB61D9810 /* Pods-Greeks Realm Puzzle.release.xcconfig */,
			);
			path = Pods;
			sourceTree = "<group>";
		};
		5F76B8F42DA1566900104736 = {
			isa = PBXGroup;
			children = (
				5F76B91C2DA1573200104736 /* Greeks Realm Puzzle */,
				5F76B8FE2DA1566900104736 /* Products */,
				0799F7C96B9AF25E88B94062 /* Pods */,
				D9EB10F8B6FB1117AE6538C9 /* Frameworks */,
			);
			sourceTree = "<group>";
		};
		5F76B8FE2DA1566900104736 /* Products */ = {
			isa = PBXGroup;
			children = (
				5F76B8FD2DA1566900104736 /* Greeks Realm Puzzle.app */,
			);
			name = Products;
			sourceTree = "<group>";
		};
		5F76B9182DA1573200104736 /* Preview Content */ = {
			isa = PBXGroup;
			children = (
				5F76B9172DA1573200104736 /* Preview Assets.xcassets */,
			);
			path = "Preview Content";
			sourceTree = "<group>";
		};
		5F76B91C2DA1573200104736 /* Greeks Realm Puzzle */ = {
			isa = PBXGroup;
			children = (
				5F16C0922E45D6BE0029FFDF /* Greeks Realm Puzzle.entitlements */,
				5F1D714C2E65EB0A00396E20 /* GoogleService-Info.plist */,
				5F76B9462DA15E0600104736 /* Info.plist */,
				5F76B9262DA15CF400104736 /* Helpers */,
				5F76B92A2DA15CF400104736 /* Managers */,
				5F76B92F2DA15CF400104736 /* Resources */,
				5F76B9312DA15CF400104736 /* Modifiers */,
				5F76B9362DA15CF400104736 /* Extensions */,
				5F76B9222DA1573D00104736 /* Screens */,
				5F76B9212DA1573800104736 /* App */,
				5F76B9182DA1573200104736 /* Preview Content */,
				5FA580512DD51C65005534E8 /* Web */,
				5F76B9192DA1573200104736 /* Assets.xcassets */,
			);
			path = "Greeks Realm Puzzle";
			sourceTree = "<group>";
		};
		5F76B9212DA1573800104736 /* App */ = {
			isa = PBXGroup;
			children = (
				5FD71AB22DE52E5800D4743B /* AppDelegate.swift */,
				5FDB5E3E2DE5D38300D14FFD /* AppEntryPoint.swift */,
				5F76B91B2DA1573200104736 /* GreeksRealmPuzzleApp.swift */,
				5F1D71E72E682FB900396E20 /* StartupGate.swift */,
			);
			path = App;
			sourceTree = "<group>";
		};
		5F76B9222DA1573D00104736 /* Screens */ = {
			isa = PBXGroup;
			children = (
				5F76BA052DA2C02D00104736 /* GameScreen */,
				5F76B9F62DA2B5C600104736 /* LevelScreen */,
				5F76B9F32DA2A7CD00104736 /* GameTypeScreen */,
				5F76B9EE2DA29F2B00104736 /* ShopScreen */,
				5F76B9E92DA29DB900104736 /* LeaderboardScreen */,
				5F76B9E42DA29A5800104736 /* AccountScreen */,
				5F76B9E22DA2985800104736 /* TextScreen */,
				5F76B94F2DA2926B00104736 /* MenuScreen */,
				5FA580562DD51DA8005534E8 /* PrivacyScreen */,
				5F76B94C2DA2920D00104736 /* HomeScreen */,
				5F76B9492DA289BA00104736 /* LaunchScreen */,
			);
			path = Screens;
			sourceTree = "<group>";
		};
		5F76B9262DA15CF400104736 /* Helpers */ = {
			isa = PBXGroup;
			children = (
				5F76B9232DA15CF400104736 /* CameraPicker.swift */,
				5F76B9242DA15CF400104736 /* AlbumPicker.swift */,
				5F76B9252DA15CF400104736 /* PhotoPicker.swift */,
			);
			path = Helpers;
			sourceTree = "<group>";
		};
		5F76B92A2DA15CF400104736 /* Managers */ = {
			isa = PBXGroup;
			children = (
				5F76B9272DA15CF400104736 /* PhotoManager.swift */,
				5F76B9282DA15CF400104736 /* SoundManager.swift */,
				5F76B9292DA15CF400104736 /* VibrationManager.swift */,
			);
			path = Managers;
			sourceTree = "<group>";
		};
		5F76B92C2DA15CF400104736 /* Fonts */ = {
			isa = PBXGroup;
			children = (
				5F76B9442DA15DEC00104736 /* InknutAntiqua-Bold.ttf */,
			);
			path = Fonts;
			sourceTree = "<group>";
		};
		5F76B92E2DA15CF400104736 /* Music */ = {
			isa = PBXGroup;
			children = (
				5F76B9472DA15E8100104736 /* olimp.mp3 */,
			);
			path = Music;
			sourceTree = "<group>";
		};
		5F76B92F2DA15CF400104736 /* Resources */ = {
			isa = PBXGroup;
			children = (
				5F76B92C2DA15CF400104736 /* Fonts */,
				5F76B92E2DA15CF400104736 /* Music */,
			);
			path = Resources;
			sourceTree = "<group>";
		};
		5F76B9312DA15CF400104736 /* Modifiers */ = {
			isa = PBXGroup;
			children = (
				5F76B9542DA294D200104736 /* CustomToggleStyle.swift */,
				5F76B9302DA15CF400104736 /* CustomBackground.swift */,
			);
			path = Modifiers;
			sourceTree = "<group>";
		};
		5F76B9362DA15CF400104736 /* Extensions */ = {
			isa = PBXGroup;
			children = (
				5F76B9322DA15CF400104736 /* Font+Extensions.swift */,
				5F76B9332DA15CF400104736 /* Color+Extensions.swift */,
				5F76B9342DA15CF400104736 /* ShapeStyle+Extensions.swift */,
				5F76B9352DA15CF400104736 /* View+Extensions.swift */,
				5F0C5D882DDE3D3A00C5BA68 /* UIViewController+Extensions.swift */,
			);
			path = Extensions;
			sourceTree = "<group>";
		};
		5F76B9492DA289BA00104736 /* LaunchScreen */ = {
			isa = PBXGroup;
			children = (
				5F76B91A2DA1573200104736 /* GRLaunchView.swift */,
			);
			path = LaunchScreen;
			sourceTree = "<group>";
		};
		5F76B94C2DA2920D00104736 /* HomeScreen */ = {
			isa = PBXGroup;
			children = (
				5F76B94D2DA2921A00104736 /* GRHomeView.swift */,
			);
			path = HomeScreen;
			sourceTree = "<group>";
		};
		5F76B94F2DA2926B00104736 /* MenuScreen */ = {
			isa = PBXGroup;
			children = (
				5F76B9502DA2927200104736 /* GRMenuView.swift */,
				5F76B9522DA2927900104736 /* GRMenuViewModel.swift */,
			);
			path = MenuScreen;
			sourceTree = "<group>";
		};
		5F76B9E22DA2985800104736 /* TextScreen */ = {
			isa = PBXGroup;
			children = (
				5F76B9E12DA2985800104736 /* GRTextView.swift */,
			);
			path = TextScreen;
			sourceTree = "<group>";
		};
		5F76B9E42DA29A5800104736 /* AccountScreen */ = {
			isa = PBXGroup;
			children = (
				5F76B9E52DA29A5F00104736 /* GRAccountView.swift */,
				5F76B9E72DA29A6D00104736 /* GRAccountViewModel.swift */,
			);
			path = AccountScreen;
			sourceTree = "<group>";
		};
		5F76B9E92DA29DB900104736 /* LeaderboardScreen */ = {
			isa = PBXGroup;
			children = (
				5F76B9EA2DA29DD700104736 /* GRLeaderboardView.swift */,
				5F76B9EC2DA29DDD00104736 /* GRLeaderboardViewModel.swift */,
			);
			path = LeaderboardScreen;
			sourceTree = "<group>";
		};
		5F76B9EE2DA29F2B00104736 /* ShopScreen */ = {
			isa = PBXGroup;
			children = (
				5F76B9EF2DA29F3300104736 /* GRShopView.swift */,
				5F76B9F12DA29F3900104736 /* GRShopViewModel.swift */,
			);
			path = ShopScreen;
			sourceTree = "<group>";
		};
		5F76B9F32DA2A7CD00104736 /* GameTypeScreen */ = {
			isa = PBXGroup;
			children = (
				5F76B9F42DA2A7EC00104736 /* GRGameTypeView.swift */,
			);
			path = GameTypeScreen;
			sourceTree = "<group>";
		};
		5F76B9F62DA2B5C600104736 /* LevelScreen */ = {
			isa = PBXGroup;
			children = (
				5F76B9F72DA2B84C00104736 /* GRLevelView.swift */,
				5F76B9F92DA2B85200104736 /* GRLevelViewModel.swift */,
				5F76B9FC2DA2B89100104736 /* GRDifficultyLevel.swift */,
			);
			path = LevelScreen;
			sourceTree = "<group>";
		};
		5F76BA052DA2C02D00104736 /* GameScreen */ = {
			isa = PBXGroup;
			children = (
				5F76BA032DA2C02D00104736 /* GameView.swift */,
				5F76BA042DA2C02D00104736 /* GameViewModel.swift */,
			);
			path = GameScreen;
			sourceTree = "<group>";
		};
		5FA580512DD51C65005534E8 /* Web */ = {
			isa = PBXGroup;
			children = (
				5FA580522DD51C92005534E8 /* index.html */,
				5FD64B032DF08BAF00C99D0A /* UserAgentBuilder.swift */,
				5FA580542DD51D52005534E8 /* WebViewContainer.swift */,
				5F0C5D8A2DDE3EDC00C5BA68 /* WebViewCoordinator.swift */,
				5F0C5D862DDE3B7800C5BA68 /* WebSheetViewController.swift */,
			);
			path = Web;
			sourceTree = "<group>";
		};
		5FA580562DD51DA8005534E8 /* PrivacyScreen */ = {
			isa = PBXGroup;
			children = (
				5FA580572DD51DBA005534E8 /* PrivacyView.swift */,
			);
			path = PrivacyScreen;
			sourceTree = "<group>";
		};
		D9EB10F8B6FB1117AE6538C9 /* Frameworks */ = {
			isa = PBXGroup;
			children = (
				EDDC80D3EFEB5BCD09CAA694 /* libPods-Greeks Realm Puzzle.a */,
			);
			name = Frameworks;
			sourceTree = "<group>";
		};
/* End PBXGroup section */

/* Begin PBXNativeTarget section */
		5F76B8FC2DA1566900104736 /* Greeks Realm Puzzle */ = {
			isa = PBXNativeTarget;
			buildConfigurationList = 5F76B90B2DA1566B00104736 /* Build configuration list for PBXNativeTarget "Greeks Realm Puzzle" */;
			buildPhases = (
				40B7C1B66C53B6796DDBE6A3 /* [CP] Check Pods Manifest.lock */,
				5F76B8F92DA1566900104736 /* Sources */,
				5F76B8FA2DA1566900104736 /* Frameworks */,
				5F76B8FB2DA1566900104736 /* Resources */,
				47A6CB6DF4D56E8F16B754B3 /* [CP] Copy Pods Resources */,
			);
			buildRules = (
			);
			dependencies = (
			);
			name = "Greeks Realm Puzzle";
			productName = "Thunder Olimp";
			productReference = 5F76B8FD2DA1566900104736 /* Greeks Realm Puzzle.app */;
			productType = "com.apple.product-type.application";
		};
/* End PBXNativeTarget section */

/* Begin PBXProject section */
		5F76B8F52DA1566900104736 /* Project object */ = {
			isa = PBXProject;
			attributes = {
				BuildIndependentTargetsInParallel = 1;
				LastSwiftUpdateCheck = 1620;
				LastUpgradeCheck = 1620;
				TargetAttributes = {
					5F76B8FC2DA1566900104736 = {
						CreatedOnToolsVersion = 16.2;
					};
				};
			};
			buildConfigurationList = 5F76B8F82DA1566900104736 /* Build configuration list for PBXProject "Greeks Realm Puzzle" */;
			compatibilityVersion = "Xcode 13.0";
			developmentRegion = en;
			hasScannedForEncodings = 0;
			knownRegions = (
				en,
				Base,
			);
			mainGroup = 5F76B8F42DA1566900104736;
			productRefGroup = 5F76B8FE2DA1566900104736 /* Products */;
			projectDirPath = "";
			projectRoot = "";
			targets = (
				5F76B8FC2DA1566900104736 /* Greeks Realm Puzzle */,
			);
		};
/* End PBXProject section */

/* Begin PBXResourcesBuildPhase section */
		5F76B8FB2DA1566900104736 /* Resources */ = {
			isa = PBXResourcesBuildPhase;
			buildActionMask = 2147483647;
			files = (
				5FA580532DD51C92005534E8 /* index.html in Resources */,
				5F76B91F2DA1573200104736 /* Preview Assets.xcassets in Resources */,
				5F76B9452DA15DEC00104736 /* InknutAntiqua-Bold.ttf in Resources */,
				5F76B9202DA1573200104736 /* Assets.xcassets in Resources */,
				5F76B9482DA15E8100104736 /* olimp.mp3 in Resources */,
				5F1D714D2E65EB0A00396E20 /* GoogleService-Info.plist in Resources */,
			);
			runOnlyForDeploymentPostprocessing = 0;
		};
/* End PBXResourcesBuildPhase section */

/* Begin PBXShellScriptBuildPhase section */
		40B7C1B66C53B6796DDBE6A3 /* [CP] Check Pods Manifest.lock */ = {
			isa = PBXShellScriptBuildPhase;
			buildActionMask = 2147483647;
			files = (
			);
			inputFileListPaths = (
			);
			inputPaths = (
				"${PODS_PODFILE_DIR_PATH}/Podfile.lock",
				"${PODS_ROOT}/Manifest.lock",
			);
			name = "[CP] Check Pods Manifest.lock";
			outputFileListPaths = (
			);
			outputPaths = (
				"$(DERIVED_FILE_DIR)/Pods-Greeks Realm Puzzle-checkManifestLockResult.txt",
			);
			runOnlyForDeploymentPostprocessing = 0;
			shellPath = /bin/sh;
			shellScript = "diff \"${PODS_PODFILE_DIR_PATH}/Podfile.lock\" \"${PODS_ROOT}/Manifest.lock\" > /dev/null\nif [ $? != 0 ] ; then\n    # print error to STDERR\n    echo \"error: The sandbox is not in sync with the Podfile.lock. Run 'pod install' or update your CocoaPods installation.\" >&2\n    exit 1\nfi\n# This output is used by Xcode 'outputs' to avoid re-running this script phase.\necho \"SUCCESS\" > \"${SCRIPT_OUTPUT_FILE_0}\"\n";
			showEnvVarsInLog = 0;
		};
		47A6CB6DF4D56E8F16B754B3 /* [CP] Copy Pods Resources */ = {
			isa = PBXShellScriptBuildPhase;
			buildActionMask = 2147483647;
			files = (
			);
			inputFileListPaths = (
				"${PODS_ROOT}/Target Support Files/Pods-Greeks Realm Puzzle/Pods-Greeks Realm Puzzle-resources-${CONFIGURATION}-input-files.xcfilelist",
			);
			name = "[CP] Copy Pods Resources";
			outputFileListPaths = (
				"${PODS_ROOT}/Target Support Files/Pods-Greeks Realm Puzzle/Pods-Greeks Realm Puzzle-resources-${CONFIGURATION}-output-files.xcfilelist",
			);
			runOnlyForDeploymentPostprocessing = 0;
			shellPath = /bin/sh;
			shellScript = "\"${PODS_ROOT}/Target Support Files/Pods-Greeks Realm Puzzle/Pods-Greeks Realm Puzzle-resources.sh\"\n";
			showEnvVarsInLog = 0;
		};
/* End PBXShellScriptBuildPhase section */

/* Begin PBXSourcesBuildPhase section */
		5F76B8F92DA1566900104736 /* Sources */ = {
			isa = PBXSourcesBuildPhase;
			buildActionMask = 2147483647;
			files = (
				5F76B91D2DA1573200104736 /* GRLaunchView.swift in Sources */,
				5F76B9E82DA29A6D00104736 /* GRAccountViewModel.swift in Sources */,
				5FD71AB32DE52E5800D4743B /* AppDelegate.swift in Sources */,
				5F76B9F52DA2A7EC00104736 /* GRGameTypeView.swift in Sources */,
				5F76B91E2DA1573200104736 /* GreeksRealmPuzzleApp.swift in Sources */,
				5F0C5D892DDE3D3A00C5BA68 /* UIViewController+Extensions.swift in Sources */,
				5FD64B042DF08BAF00C99D0A /* UserAgentBuilder.swift in Sources */,
				5F76B9552DA294D200104736 /* CustomToggleStyle.swift in Sources */,
				5F76B9372DA15CF400104736 /* PhotoPicker.swift in Sources */,
				5F76B9E62DA29A5F00104736 /* GRAccountView.swift in Sources */,
				5F76B9F02DA29F3300104736 /* GRShopView.swift in Sources */,
				5F76B94E2DA2921A00104736 /* GRHomeView.swift in Sources */,
				5F76B9ED2DA29DDD00104736 /* GRLeaderboardViewModel.swift in Sources */,
				5FDB5E3F2DE5D38300D14FFD /* AppEntryPoint.swift in Sources */,
				5F76B9382DA15CF400104736 /* View+Extensions.swift in Sources */,
				5F76B9FA2DA2B85200104736 /* GRLevelViewModel.swift in Sources */,
				5F76B9FD2DA2B89100104736 /* GRDifficultyLevel.swift in Sources */,
				5F1D71E82E682FB900396E20 /* StartupGate.swift in Sources */,
				5FA580552DD51D52005534E8 /* WebViewContainer.swift in Sources */,
				5F76B9392DA15CF400104736 /* CustomBackground.swift in Sources */,
				5F76B93A2DA15CF400104736 /* Font+Extensions.swift in Sources */,
				5F76B9F82DA2B84C00104736 /* GRLevelView.swift in Sources */,
				5F76B93B2DA15CF400104736 /* CameraPicker.swift in Sources */,
				5F76B93C2DA15CF400104736 /* Color+Extensions.swift in Sources */,
				5F76B9512DA2927200104736 /* GRMenuView.swift in Sources */,
				5F0C5D872DDE3B7800C5BA68 /* WebSheetViewController.swift in Sources */,
				5F76B93D2DA15CF400104736 /* PhotoManager.swift in Sources */,
				5F76B93E2DA15CF400104736 /* SoundManager.swift in Sources */,
				5F76BA062DA2C02D00104736 /* GameView.swift in Sources */,
				5F76BA072DA2C02D00104736 /* GameViewModel.swift in Sources */,
				5F76B93F2DA15CF400104736 /* ShapeStyle+Extensions.swift in Sources */,
				5FA580582DD51DBA005534E8 /* PrivacyView.swift in Sources */,
				5F76B9F22DA29F3900104736 /* GRShopViewModel.swift in Sources */,
				5F76B9532DA2927900104736 /* GRMenuViewModel.swift in Sources */,
				5F76B9EB2DA29DD700104736 /* GRLeaderboardView.swift in Sources */,
				5F76B9402DA15CF400104736 /* AlbumPicker.swift in Sources */,
				5F0C5D8B2DDE3EDC00C5BA68 /* WebViewCoordinator.swift in Sources */,
				5F76B9E32DA2985800104736 /* GRTextView.swift in Sources */,
				5F76B9412DA15CF400104736 /* VibrationManager.swift in Sources */,
			);
			runOnlyForDeploymentPostprocessing = 0;
		};
/* End PBXSourcesBuildPhase section */

/* Begin XCBuildConfiguration section */
		5F76B9092DA1566B00104736 /* Debug */ = {
			isa = XCBuildConfiguration;
			buildSettings = {
				ALWAYS_SEARCH_USER_PATHS = NO;
				ASSETCATALOG_COMPILER_GENERATE_SWIFT_ASSET_SYMBOL_EXTENSIONS = YES;
				CLANG_ANALYZER_NONNULL = YES;
				CLANG_ANALYZER_NUMBER_OBJECT_CONVERSION = YES_AGGRESSIVE;
				CLANG_CXX_LANGUAGE_STANDARD = "gnu++20";
				CLANG_ENABLE_MODULES = YES;
				CLANG_ENABLE_OBJC_ARC = YES;
				CLANG_ENABLE_OBJC_WEAK = YES;
				CLANG_WARN_BLOCK_CAPTURE_AUTORELEASING = YES;
				CLANG_WARN_BOOL_CONVERSION = YES;
				CLANG_WARN_COMMA = YES;
				CLANG_WARN_CONSTANT_CONVERSION = YES;
				CLANG_WARN_DEPRECATED_OBJC_IMPLEMENTATIONS = YES;
				CLANG_WARN_DIRECT_OBJC_ISA_USAGE = YES_ERROR;
				CLANG_WARN_DOCUMENTATION_COMMENTS = YES;
				CLANG_WARN_EMPTY_BODY = YES;
				CLANG_WARN_ENUM_CONVERSION = YES;
				CLANG_WARN_INFINITE_RECURSION = YES;
				CLANG_WARN_INT_CONVERSION = YES;
				CLANG_WARN_NON_LITERAL_NULL_CONVERSION = YES;
				CLANG_WARN_OBJC_IMPLICIT_RETAIN_SELF = YES;
				CLANG_WARN_OBJC_LITERAL_CONVERSION = YES;
				CLANG_WARN_OBJC_ROOT_CLASS = YES_ERROR;
				CLANG_WARN_QUOTED_INCLUDE_IN_FRAMEWORK_HEADER = YES;
				CLANG_WARN_RANGE_LOOP_ANALYSIS = YES;
				CLANG_WARN_STRICT_PROTOTYPES = YES;
				CLANG_WARN_SUSPICIOUS_MOVE = YES;
				CLANG_WARN_UNGUARDED_AVAILABILITY = YES_AGGRESSIVE;
				CLANG_WARN_UNREACHABLE_CODE = YES;
				CLANG_WARN__DUPLICATE_METHOD_MATCH = YES;
				COPY_PHASE_STRIP = NO;
				DEBUG_INFORMATION_FORMAT = dwarf;
				ENABLE_STRICT_OBJC_MSGSEND = YES;
				ENABLE_TESTABILITY = YES;
				ENABLE_USER_SCRIPT_SANDBOXING = YES;
				GCC_C_LANGUAGE_STANDARD = gnu17;
				GCC_DYNAMIC_NO_PIC = NO;
				GCC_NO_COMMON_BLOCKS = YES;
				GCC_OPTIMIZATION_LEVEL = 0;
				GCC_PREPROCESSOR_DEFINITIONS = (
					"DEBUG=1",
					"$(inherited)",
				);
				GCC_WARN_64_TO_32_BIT_CONVERSION = YES;
				GCC_WARN_ABOUT_RETURN_TYPE = YES_ERROR;
				GCC_WARN_UNDECLARED_SELECTOR = YES;
				GCC_WARN_UNINITIALIZED_AUTOS = YES_AGGRESSIVE;
				GCC_WARN_UNUSED_FUNCTION = YES;
				GCC_WARN_UNUSED_VARIABLE = YES;
				IPHONEOS_DEPLOYMENT_TARGET = 18.2;
				LOCALIZATION_PREFERS_STRING_CATALOGS = YES;
				MTL_ENABLE_DEBUG_INFO = INCLUDE_SOURCE;
				MTL_FAST_MATH = YES;
				ONLY_ACTIVE_ARCH = YES;
				SDKROOT = iphoneos;
				SWIFT_ACTIVE_COMPILATION_CONDITIONS = "DEBUG $(inherited)";
				SWIFT_OPTIMIZATION_LEVEL = "-Onone";
			};
			name = Debug;
		};
		5F76B90A2DA1566B00104736 /* Release */ = {
			isa = XCBuildConfiguration;
			buildSettings = {
				ALWAYS_SEARCH_USER_PATHS = NO;
				ASSETCATALOG_COMPILER_GENERATE_SWIFT_ASSET_SYMBOL_EXTENSIONS = YES;
				CLANG_ANALYZER_NONNULL = YES;
				CLANG_ANALYZER_NUMBER_OBJECT_CONVERSION = YES_AGGRESSIVE;
				CLANG_CXX_LANGUAGE_STANDARD = "gnu++20";
				CLANG_ENABLE_MODULES = YES;
				CLANG_ENABLE_OBJC_ARC = YES;
				CLANG_ENABLE_OBJC_WEAK = YES;
				CLANG_WARN_BLOCK_CAPTURE_AUTORELEASING = YES;
				CLANG_WARN_BOOL_CONVERSION = YES;
				CLANG_WARN_COMMA = YES;
				CLANG_WARN_CONSTANT_CONVERSION = YES;
				CLANG_WARN_DEPRECATED_OBJC_IMPLEMENTATIONS = YES;
				CLANG_WARN_DIRECT_OBJC_ISA_USAGE = YES_ERROR;
				CLANG_WARN_DOCUMENTATION_COMMENTS = YES;
				CLANG_WARN_EMPTY_BODY = YES;
				CLANG_WARN_ENUM_CONVERSION = YES;
				CLANG_WARN_INFINITE_RECURSION = YES;
				CLANG_WARN_INT_CONVERSION = YES;
				CLANG_WARN_NON_LITERAL_NULL_CONVERSION = YES;
				CLANG_WARN_OBJC_IMPLICIT_RETAIN_SELF = YES;
				CLANG_WARN_OBJC_LITERAL_CONVERSION = YES;
				CLANG_WARN_OBJC_ROOT_CLASS = YES_ERROR;
				CLANG_WARN_QUOTED_INCLUDE_IN_FRAMEWORK_HEADER = YES;
				CLANG_WARN_RANGE_LOOP_ANALYSIS = YES;
				CLANG_WARN_STRICT_PROTOTYPES = YES;
				CLANG_WARN_SUSPICIOUS_MOVE = YES;
				CLANG_WARN_UNGUARDED_AVAILABILITY = YES_AGGRESSIVE;
				CLANG_WARN_UNREACHABLE_CODE = YES;
				CLANG_WARN__DUPLICATE_METHOD_MATCH = YES;
				COPY_PHASE_STRIP = NO;
				DEBUG_INFORMATION_FORMAT = "dwarf-with-dsym";
				ENABLE_NS_ASSERTIONS = NO;
				ENABLE_STRICT_OBJC_MSGSEND = YES;
				ENABLE_USER_SCRIPT_SANDBOXING = YES;
				GCC_C_LANGUAGE_STANDARD = gnu17;
				GCC_NO_COMMON_BLOCKS = YES;
				GCC_WARN_64_TO_32_BIT_CONVERSION = YES;
				GCC_WARN_ABOUT_RETURN_TYPE = YES_ERROR;
				GCC_WARN_UNDECLARED_SELECTOR = YES;
				GCC_WARN_UNINITIALIZED_AUTOS = YES_AGGRESSIVE;
				GCC_WARN_UNUSED_FUNCTION = YES;
				GCC_WARN_UNUSED_VARIABLE = YES;
				IPHONEOS_DEPLOYMENT_TARGET = 18.2;
				LOCALIZATION_PREFERS_STRING_CATALOGS = YES;
				MTL_ENABLE_DEBUG_INFO = NO;
				MTL_FAST_MATH = YES;
				SDKROOT = iphoneos;
				SWIFT_COMPILATION_MODE = wholemodule;
				VALIDATE_PRODUCT = YES;
			};
			name = Release;
		};
		5F76B90C2DA1566B00104736 /* Debug */ = {
			isa = XCBuildConfiguration;
			baseConfigurationReference = 2300FEAF839E7905938C62C1 /* Pods-Greeks Realm Puzzle.debug.xcconfig */;
			buildSettings = {
				ASSETCATALOG_COMPILER_APPICON_NAME = AppIcon;
				ASSETCATALOG_COMPILER_GLOBAL_ACCENT_COLOR_NAME = AccentColor;
				CODE_SIGN_ENTITLEMENTS = "Greeks Realm Puzzle/Greeks Realm Puzzle.entitlements";
				CODE_SIGN_STYLE = Automatic;
				CURRENT_PROJECT_VERSION = 2;
				DEVELOPMENT_ASSET_PATHS = "\"Greeks Realm Puzzle/Preview Content\"";
				DEVELOPMENT_TEAM = AMAJTW27Q4;
				ENABLE_PREVIEWS = YES;
				ENABLE_USER_SCRIPT_SANDBOXING = NO;
				GENERATE_INFOPLIST_FILE = YES;
				INFOPLIST_FILE = Info.plist;
				INFOPLIST_KEY_CFBundleDisplayName = "Greeks Realm Puzzle";
				INFOPLIST_KEY_NSCameraUsageDescription = "We need access to your camera to take a profile photo for your account.";
				INFOPLIST_KEY_NSMicrophoneUsageDescription = "We need access to your microphone to allow voice input";
				INFOPLIST_KEY_UIApplicationSceneManifest_Generation = YES;
				INFOPLIST_KEY_UIApplicationSupportsIndirectInputEvents = YES;
				INFOPLIST_KEY_UILaunchScreen_Generation = YES;
				INFOPLIST_KEY_UISupportedInterfaceOrientations = "UIInterfaceOrientationLandscapeLeft UIInterfaceOrientationLandscapeRight UIInterfaceOrientationPortrait";
				INFOPLIST_KEY_UISupportedInterfaceOrientations_iPad = "UIInterfaceOrientationLandscapeLeft UIInterfaceOrientationLandscapeRight UIInterfaceOrientationPortrait UIInterfaceOrientationPortraitUpsideDown";
				IPHONEOS_DEPLOYMENT_TARGET = 15.0;
				LD_RUNPATH_SEARCH_PATHS = (
					"$(inherited)",
					"@executable_path/Frameworks",
				);
				MARKETING_VERSION = 1.3;
				PRODUCT_BUNDLE_IDENTIFIER = com.kalynetsdev.app;
				PRODUCT_NAME = "$(TARGET_NAME)";
				SUPPORTED_PLATFORMS = "iphoneos iphonesimulator";
				SUPPORTS_MACCATALYST = NO;
				SUPPORTS_MAC_DESIGNED_FOR_IPHONE_IPAD = NO;
				SUPPORTS_XR_DESIGNED_FOR_IPHONE_IPAD = NO;
				SWIFT_EMIT_LOC_STRINGS = YES;
				SWIFT_VERSION = 5.0;
				TARGETED_DEVICE_FAMILY = 1;
			};
			name = Debug;
		};
		5F76B90D2DA1566B00104736 /* Release */ = {
			isa = XCBuildConfiguration;
			baseConfigurationReference = 2A4297193662FBCAB61D9810 /* Pods-Greeks Realm Puzzle.release.xcconfig */;
			buildSettings = {
				ASSETCATALOG_COMPILER_APPICON_NAME = AppIcon;
				ASSETCATALOG_COMPILER_GLOBAL_ACCENT_COLOR_NAME = AccentColor;
				CODE_SIGN_ENTITLEMENTS = "Greeks Realm Puzzle/Greeks Realm Puzzle.entitlements";
				CODE_SIGN_STYLE = Automatic;
				CURRENT_PROJECT_VERSION = 2;
				DEVELOPMENT_ASSET_PATHS = "\"Greeks Realm Puzzle/Preview Content\"";
				DEVELOPMENT_TEAM = AMAJTW27Q4;
				ENABLE_PREVIEWS = YES;
				ENABLE_USER_SCRIPT_SANDBOXING = NO;
				GENERATE_INFOPLIST_FILE = YES;
				INFOPLIST_FILE = Info.plist;
				INFOPLIST_KEY_CFBundleDisplayName = "Greeks Realm Puzzle";
				INFOPLIST_KEY_NSCameraUsageDescription = "We need access to your camera to take a profile photo for your account.";
				INFOPLIST_KEY_NSMicrophoneUsageDescription = "We need access to your microphone to allow voice input";
				INFOPLIST_KEY_UIApplicationSceneManifest_Generation = YES;
				INFOPLIST_KEY_UIApplicationSupportsIndirectInputEvents = YES;
				INFOPLIST_KEY_UILaunchScreen_Generation = YES;
				INFOPLIST_KEY_UISupportedInterfaceOrientations = "UIInterfaceOrientationLandscapeLeft UIInterfaceOrientationLandscapeRight UIInterfaceOrientationPortrait";
				INFOPLIST_KEY_UISupportedInterfaceOrientations_iPad = "UIInterfaceOrientationLandscapeLeft UIInterfaceOrientationLandscapeRight UIInterfaceOrientationPortrait UIInterfaceOrientationPortraitUpsideDown";
				IPHONEOS_DEPLOYMENT_TARGET = 15.0;
				LD_RUNPATH_SEARCH_PATHS = (
					"$(inherited)",
					"@executable_path/Frameworks",
				);
				MARKETING_VERSION = 1.3;
				PRODUCT_BUNDLE_IDENTIFIER = com.kalynetsdev.app;
				PRODUCT_NAME = "$(TARGET_NAME)";
				SUPPORTED_PLATFORMS = "iphoneos iphonesimulator";
				SUPPORTS_MACCATALYST = NO;
				SUPPORTS_MAC_DESIGNED_FOR_IPHONE_IPAD = NO;
				SUPPORTS_XR_DESIGNED_FOR_IPHONE_IPAD = NO;
				SWIFT_EMIT_LOC_STRINGS = YES;
				SWIFT_VERSION = 5.0;
				TARGETED_DEVICE_FAMILY = 1;
			};
			name = Release;
		};
/* End XCBuildConfiguration section */

/* Begin XCConfigurationList section */
		5F76B8F82DA1566900104736 /* Build configuration list for PBXProject "Greeks Realm Puzzle" */ = {
			isa = XCConfigurationList;
			buildConfigurations = (
				5F76B9092DA1566B00104736 /* Debug */,
				5F76B90A2DA1566B00104736 /* Release */,
			);
			defaultConfigurationIsVisible = 0;
			defaultConfigurationName = Release;
		};
		5F76B90B2DA1566B00104736 /* Build configuration list for PBXNativeTarget "Greeks Realm Puzzle" */ = {
			isa = XCConfigurationList;
			buildConfigurations = (
				5F76B90C2DA1566B00104736 /* Debug */,
				5F76B90D2DA1566B00104736 /* Release */,
			);
			defaultConfigurationIsVisible = 0;
			defaultConfigurationName = Release;
		};
/* End XCConfigurationList section */
	};
	rootObject = 5F76B8F52DA1566900104736 /* Project object */;
}
